
Microsoft Visual Studio Solution File, Format Version 12.00
# Visual Studio Version 17
VisualStudioVersion = 17.9.34701.34
MinimumVisualStudioVersion = 10.0.40219.1
Project("{8BC9CEB8-8B4A-11D0-8D11-00A0C91BC942}") = "3-b8.cpp", "3-b8.cpp\3-b8.cpp.vcxproj", "{82BE7CBE-F614-45A0-83D5-3BD7BB6D9B44}"
EndProject
Project("{8BC9CEB8-8B4A-11D0-8D11-00A0C91BC942}") = "3-b9.c", "3-b9.c\3-b9.c.vcxproj", "{562B694C-D003-45B7-9488-E1F5FB735BC5}"
EndProject
Project("{8BC9CEB8-8B4A-11D0-8D11-00A0C91BC942}") = "3-b10-1.cpp", "3-b10-1.cpp\3-b10-1.cpp.vcxproj", "{AB7362C7-9605-408C-A0BD-7789A455F531}"
EndProject
Project("{8BC9CEB8-8B4A-11D0-8D11-00A0C91BC942}") = "3-b11-1.cpp", "3-b11-1.cpp\3-b11-1.cpp.vcxproj", "{0812CFA8-536D-4DC4-A500-AD611B0616AD}"
EndProject
Project("{8BC9CEB8-8B4A-11D0-8D11-00A0C91BC942}") = "3-b11-2.cpp", "3-b11-2.cpp\3-b11-2.cpp.vcxproj", "{23CD1086-FE75-443D-AEF7-D0D311DCB801}"
EndProject
Project("{8BC9CEB8-8B4A-11D0-8D11-00A0C91BC942}") = "3-b11-3.cpp", "3-b11-3\3-b11-3.vcxproj", "{47188F78-1AB7-4E57-81E9-DA9A0AFA7DE6}"
EndProject
Project("{8BC9CEB8-8B4A-11D0-8D11-00A0C91BC942}") = "3-b11-4.cpp", "3-b11-4.cpp\3-b11-4.cpp.vcxproj", "{DF9A8E31-18EC-45CA-B433-945D272221F8}"
EndProject
Project("{8BC9CEB8-8B4A-11D0-8D11-00A0C91BC942}") = "3-b11-5.cpp", "3-b11-5.cpp\3-b11-5.cpp.vcxproj", "{8B070A2B-1053-44AF-996D-5C36D7583B70}"
EndProject
Project("{8BC9CEB8-8B4A-11D0-8D11-00A0C91BC942}") = "3-b13-1.cpp", "3-b13-1.cpp\3-b13-1.cpp.vcxproj", "{4AF64AA8-6F6C-45F7-BFD5-157A066EB1EB}"
EndProject
Project("{8BC9CEB8-8B4A-11D0-8D11-00A0C91BC942}") = "3-b12-1.cpp", "3-b12-1.cpp\3-b12-1.cpp.vcxproj", "{851E1D15-298B-4478-A324-39BD57859326}"
EndProject
Project("{8BC9CEB8-8B4A-11D0-8D11-00A0C91BC942}") = "3-b12-2.c", "3-b12-2.c\3-b12-2.c.vcxproj", "{1A65F168-ACE9-4F58-A60E-06D69589005E}"
EndProject
Project("{8BC9CEB8-8B4A-11D0-8D11-00A0C91BC942}") = "3-b13-2.c", "3-b13-2.c\3-b13-2.c.vcxproj", "{5DCF2451-840B-460E-9CC6-F924AA0275CD}"
EndProject
Project("{8BC9CEB8-8B4A-11D0-8D11-00A0C91BC942}") = "3-b10-2.c", "3-b10-2.c\3-b10-2.c.vcxproj", "{37DBD34E-8BF7-47E7-B60B-9BD29FA8A03D}"
EndProject
Global
	GlobalSection(SolutionConfigurationPlatforms) = preSolution
		Debug|x64 = Debug|x64
		Debug|x86 = Debug|x86
		Release|x64 = Release|x64
		Release|x86 = Release|x86
	EndGlobalSection
	GlobalSection(ProjectConfigurationPlatforms) = postSolution
		{82BE7CBE-F614-45A0-83D5-3BD7BB6D9B44}.Debug|x64.ActiveCfg = Debug|x64
		{82BE7CBE-F614-45A0-83D5-3BD7BB6D9B44}.Debug|x64.Build.0 = Debug|x64
		{82BE7CBE-F614-45A0-83D5-3BD7BB6D9B44}.Debug|x86.ActiveCfg = Debug|Win32
		{82BE7CBE-F614-45A0-83D5-3BD7BB6D9B44}.Debug|x86.Build.0 = Debug|Win32
		{82BE7CBE-F614-45A0-83D5-3BD7BB6D9B44}.Release|x64.ActiveCfg = Release|x64
		{82BE7CBE-F614-45A0-83D5-3BD7BB6D9B44}.Release|x64.Build.0 = Release|x64
		{82BE7CBE-F614-45A0-83D5-3BD7BB6D9B44}.Release|x86.ActiveCfg = Release|Win32
		{82BE7CBE-F614-45A0-83D5-3BD7BB6D9B44}.Release|x86.Build.0 = Release|Win32
		{562B694C-D003-45B7-9488-E1F5FB735BC5}.Debug|x64.ActiveCfg = Debug|x64
		{562B694C-D003-45B7-9488-E1F5FB735BC5}.Debug|x64.Build.0 = Debug|x64
		{562B694C-D003-45B7-9488-E1F5FB735BC5}.Debug|x86.ActiveCfg = Debug|Win32
		{562B694C-D003-45B7-9488-E1F5FB735BC5}.Debug|x86.Build.0 = Debug|Win32
		{562B694C-D003-45B7-9488-E1F5FB735BC5}.Release|x64.ActiveCfg = Release|x64
		{562B694C-D003-45B7-9488-E1F5FB735BC5}.Release|x64.Build.0 = Release|x64
		{562B694C-D003-45B7-9488-E1F5FB735BC5}.Release|x86.ActiveCfg = Release|Win32
		{562B694C-D003-45B7-9488-E1F5FB735BC5}.Release|x86.Build.0 = Release|Win32
		{AB7362C7-9605-408C-A0BD-7789A455F531}.Debug|x64.ActiveCfg = Debug|x64
		{AB7362C7-9605-408C-A0BD-7789A455F531}.Debug|x64.Build.0 = Debug|x64
		{AB7362C7-9605-408C-A0BD-7789A455F531}.Debug|x86.ActiveCfg = Debug|Win32
		{AB7362C7-9605-408C-A0BD-7789A455F531}.Debug|x86.Build.0 = Debug|Win32
		{AB7362C7-9605-408C-A0BD-7789A455F531}.Release|x64.ActiveCfg = Release|x64
		{AB7362C7-9605-408C-A0BD-7789A455F531}.Release|x64.Build.0 = Release|x64
		{AB7362C7-9605-408C-A0BD-7789A455F531}.Release|x86.ActiveCfg = Release|Win32
		{AB7362C7-9605-408C-A0BD-7789A455F531}.Release|x86.Build.0 = Release|Win32
		{0812CFA8-536D-4DC4-A500-AD611B0616AD}.Debug|x64.ActiveCfg = Debug|x64
		{0812CFA8-536D-4DC4-A500-AD611B0616AD}.Debug|x64.Build.0 = Debug|x64
		{0812CFA8-536D-4DC4-A500-AD611B0616AD}.Debug|x86.ActiveCfg = Debug|Win32
		{0812CFA8-536D-4DC4-A500-AD611B0616AD}.Debug|x86.Build.0 = Debug|Win32
		{0812CFA8-536D-4DC4-A500-AD611B0616AD}.Release|x64.ActiveCfg = Release|x64
		{0812CFA8-536D-4DC4-A500-AD611B0616AD}.Release|x64.Build.0 = Release|x64
		{0812CFA8-536D-4DC4-A500-AD611B0616AD}.Release|x86.ActiveCfg = Release|Win32
		{0812CFA8-536D-4DC4-A500-AD611B0616AD}.Release|x86.Build.0 = Release|Win32
		{23CD1086-FE75-443D-AEF7-D0D311DCB801}.Debug|x64.ActiveCfg = Debug|x64
		{23CD1086-FE75-443D-AEF7-D0D311DCB801}.Debug|x64.Build.0 = Debug|x64
		{23CD1086-FE75-443D-AEF7-D0D311DCB801}.Debug|x86.ActiveCfg = Debug|Win32
		{23CD1086-FE75-443D-AEF7-D0D311DCB801}.Debug|x86.Build.0 = Debug|Win32
		{23CD1086-FE75-443D-AEF7-D0D311DCB801}.Release|x64.ActiveCfg = Release|x64
		{23CD1086-FE75-443D-AEF7-D0D311DCB801}.Release|x64.Build.0 = Release|x64
		{23CD1086-FE75-443D-AEF7-D0D311DCB801}.Release|x86.ActiveCfg = Release|Win32
		{23CD1086-FE75-443D-AEF7-D0D311DCB801}.Release|x86.Build.0 = Release|Win32
		{47188F78-1AB7-4E57-81E9-DA9A0AFA7DE6}.Debug|x64.ActiveCfg = Debug|x64
		{47188F78-1AB7-4E57-81E9-DA9A0AFA7DE6}.Debug|x64.Build.0 = Debug|x64
		{47188F78-1AB7-4E57-81E9-DA9A0AFA7DE6}.Debug|x86.ActiveCfg = Debug|Win32
		{47188F78-1AB7-4E57-81E9-DA9A0AFA7DE6}.Debug|x86.Build.0 = Debug|Win32
		{47188F78-1AB7-4E57-81E9-DA9A0AFA7DE6}.Release|x64.ActiveCfg = Release|x64
		{47188F78-1AB7-4E57-81E9-DA9A0AFA7DE6}.Release|x64.Build.0 = Release|x64
		{47188F78-1AB7-4E57-81E9-DA9A0AFA7DE6}.Release|x86.ActiveCfg = Release|Win32
		{47188F78-1AB7-4E57-81E9-DA9A0AFA7DE6}.Release|x86.Build.0 = Release|Win32
		{DF9A8E31-18EC-45CA-B433-945D272221F8}.Debug|x64.ActiveCfg = Debug|x64
		{DF9A8E31-18EC-45CA-B433-945D272221F8}.Debug|x64.Build.0 = Debug|x64
		{DF9A8E31-18EC-45CA-B433-945D272221F8}.Debug|x86.ActiveCfg = Debug|Win32
		{DF9A8E31-18EC-45CA-B433-945D272221F8}.Debug|x86.Build.0 = Debug|Win32
		{DF9A8E31-18EC-45CA-B433-945D272221F8}.Release|x64.ActiveCfg = Release|x64
		{DF9A8E31-18EC-45CA-B433-945D272221F8}.Release|x64.Build.0 = Release|x64
		{DF9A8E31-18EC-45CA-B433-945D272221F8}.Release|x86.ActiveCfg = Release|Win32
		{DF9A8E31-18EC-45CA-B433-945D272221F8}.Release|x86.Build.0 = Release|Win32
		{8B070A2B-1053-44AF-996D-5C36D7583B70}.Debug|x64.ActiveCfg = Debug|x64
		{8B070A2B-1053-44AF-996D-5C36D7583B70}.Debug|x64.Build.0 = Debug|x64
		{8B070A2B-1053-44AF-996D-5C36D7583B70}.Debug|x86.ActiveCfg = Debug|Win32
		{8B070A2B-1053-44AF-996D-5C36D7583B70}.Debug|x86.Build.0 = Debug|Win32
		{8B070A2B-1053-44AF-996D-5C36D7583B70}.Release|x64.ActiveCfg = Release|x64
		{8B070A2B-1053-44AF-996D-5C36D7583B70}.Release|x64.Build.0 = Release|x64
		{8B070A2B-1053-44AF-996D-5C36D7583B70}.Release|x86.ActiveCfg = Release|Win32
		{8B070A2B-1053-44AF-996D-5C36D7583B70}.Release|x86.Build.0 = Release|Win32
		{4AF64AA8-6F6C-45F7-BFD5-157A066EB1EB}.Debug|x64.ActiveCfg = Debug|x64
		{4AF64AA8-6F6C-45F7-BFD5-157A066EB1EB}.Debug|x64.Build.0 = Debug|x64
		{4AF64AA8-6F6C-45F7-BFD5-157A066EB1EB}.Debug|x86.ActiveCfg = Debug|Win32
		{4AF64AA8-6F6C-45F7-BFD5-157A066EB1EB}.Debug|x86.Build.0 = Debug|Win32
		{4AF64AA8-6F6C-45F7-BFD5-157A066EB1EB}.Release|x64.ActiveCfg = Release|x64
		{4AF64AA8-6F6C-45F7-BFD5-157A066EB1EB}.Release|x64.Build.0 = Release|x64
		{4AF64AA8-6F6C-45F7-BFD5-157A066EB1EB}.Release|x86.ActiveCfg = Release|Win32
		{4AF64AA8-6F6C-45F7-BFD5-157A066EB1EB}.Release|x86.Build.0 = Release|Win32
		{851E1D15-298B-4478-A324-39BD57859326}.Debug|x64.ActiveCfg = Debug|x64
		{851E1D15-298B-4478-A324-39BD57859326}.Debug|x64.Build.0 = Debug|x64
		{851E1D15-298B-4478-A324-39BD57859326}.Debug|x86.ActiveCfg = Debug|Win32
		{851E1D15-298B-4478-A324-39BD57859326}.Debug|x86.Build.0 = Debug|Win32
		{851E1D15-298B-4478-A324-39BD57859326}.Release|x64.ActiveCfg = Release|x64
		{851E1D15-298B-4478-A324-39BD57859326}.Release|x64.Build.0 = Release|x64
		{851E1D15-298B-4478-A324-39BD57859326}.Release|x86.ActiveCfg = Release|Win32
		{851E1D15-298B-4478-A324-39BD57859326}.Release|x86.Build.0 = Release|Win32
		{1A65F168-ACE9-4F58-A60E-06D69589005E}.Debug|x64.ActiveCfg = Debug|x64
		{1A65F168-ACE9-4F58-A60E-06D69589005E}.Debug|x64.Build.0 = Debug|x64
		{1A65F168-ACE9-4F58-A60E-06D69589005E}.Debug|x86.ActiveCfg = Debug|Win32
		{1A65F168-ACE9-4F58-A60E-06D69589005E}.Debug|x86.Build.0 = Debug|Win32
		{1A65F168-ACE9-4F58-A60E-06D69589005E}.Release|x64.ActiveCfg = Release|x64
		{1A65F168-ACE9-4F58-A60E-06D69589005E}.Release|x64.Build.0 = Release|x64
		{1A65F168-ACE9-4F58-A60E-06D69589005E}.Release|x86.ActiveCfg = Release|Win32
		{1A65F168-ACE9-4F58-A60E-06D69589005E}.Release|x86.Build.0 = Release|Win32
		{5DCF2451-840B-460E-9CC6-F924AA0275CD}.Debug|x64.ActiveCfg = Debug|x64
		{5DCF2451-840B-460E-9CC6-F924AA0275CD}.Debug|x64.Build.0 = Debug|x64
		{5DCF2451-840B-460E-9CC6-F924AA0275CD}.Debug|x86.ActiveCfg = Debug|Win32
		{5DCF2451-840B-460E-9CC6-F924AA0275CD}.Debug|x86.Build.0 = Debug|Win32
		{5DCF2451-840B-460E-9CC6-F924AA0275CD}.Release|x64.ActiveCfg = Release|x64
		{5DCF2451-840B-460E-9CC6-F924AA0275CD}.Release|x64.Build.0 = Release|x64
		{5DCF2451-840B-460E-9CC6-F924AA0275CD}.Release|x86.ActiveCfg = Release|Win32
		{5DCF2451-840B-460E-9CC6-F924AA0275CD}.Release|x86.Build.0 = Release|Win32
		{37DBD34E-8BF7-47E7-B60B-9BD29FA8A03D}.Debug|x64.ActiveCfg = Debug|x64
		{37DBD34E-8BF7-47E7-B60B-9BD29FA8A03D}.Debug|x64.Build.0 = Debug|x64
		{37DBD34E-8BF7-47E7-B60B-9BD29FA8A03D}.Debug|x86.ActiveCfg = Debug|Win32
		{37DBD34E-8BF7-47E7-B60B-9BD29FA8A03D}.Debug|x86.Build.0 = Debug|Win32
		{37DBD34E-8BF7-47E7-B60B-9BD29FA8A03D}.Release|x64.ActiveCfg = Release|x64
		{37DBD34E-8BF7-47E7-B60B-9BD29FA8A03D}.Release|x64.Build.0 = Release|x64
		{37DBD34E-8BF7-47E7-B60B-9BD29FA8A03D}.Release|x86.ActiveCfg = Release|Win32
		{37DBD34E-8BF7-47E7-B60B-9BD29FA8A03D}.Release|x86.Build.0 = Release|Win32
	EndGlobalSection
	GlobalSection(SolutionProperties) = preSolution
		HideSolutionNode = FALSE
	EndGlobalSection
	GlobalSection(ExtensibilityGlobals) = postSolution
		SolutionGuid = {1ACFF47F-9E10-414F-B92D-D498CC8AE7A1}
	EndGlobalSection
EndGlobal
