
Microsoft Visual Studio Solution File, Format Version 12.00
# Visual Studio Version 17
VisualStudioVersion = 17.9.34728.123
MinimumVisualStudioVersion = 10.0.40219.1
Project("{8BC9CEB8-8B4A-11D0-8D11-00A0C91BC942}") = "5-b1.cpp", "5-b1.cpp\5-b1.cpp.vcxproj", "{12238B86-550A-41F3-86B4-BA95816D194E}"
EndProject
Project("{8BC9CEB8-8B4A-11D0-8D11-00A0C91BC942}") = "5-b2.cpp", "5-b2.cpp\5-b2.cpp.vcxproj", "{78EABCC2-24B1-4681-B2DD-34272586AABE}"
EndProject
Project("{8BC9CEB8-8B4A-11D0-8D11-00A0C91BC942}") = "5-b3.c", "5-b3.c\5-b3.c.vcxproj", "{564F18AE-50A9-46DA-B4AB-72844D5AF052}"
EndProject
Project("{8BC9CEB8-8B4A-11D0-8D11-00A0C91BC942}") = "5-b4.c", "5-b4.c\5-b4.c.vcxproj", "{1376BBBF-9D1E-4296-9080-50B0A3B63081}"
EndProject
Project("{8BC9CEB8-8B4A-11D0-8D11-00A0C91BC942}") = "5-b5.cpp", "5-b5.cpp\5-b5.cpp.vcxproj", "{0049165B-B0BB-4502-85B7-FB736BA3644A}"
EndProject
Project("{8BC9CEB8-8B4A-11D0-8D11-00A0C91BC942}") = "5-b6-1.c", "5-b6-1.c\5-b6-1.c.vcxproj", "{9BCD155F-EA2D-4912-9E24-57E877D33708}"
EndProject
Project("{8BC9CEB8-8B4A-11D0-8D11-00A0C91BC942}") = "5-b6-2.cpp", "5-b6-2.cpp\5-b6-2.cpp.vcxproj", "{D5D7C8EF-B578-4134-9F49-9A866ECFFD05}"
EndProject
Global
	GlobalSection(SolutionConfigurationPlatforms) = preSolution
		Debug|x64 = Debug|x64
		Debug|x86 = Debug|x86
		Release|x64 = Release|x64
		Release|x86 = Release|x86
	EndGlobalSection
	GlobalSection(ProjectConfigurationPlatforms) = postSolution
		{12238B86-550A-41F3-86B4-BA95816D194E}.Debug|x64.ActiveCfg = Debug|x64
		{12238B86-550A-41F3-86B4-BA95816D194E}.Debug|x64.Build.0 = Debug|x64
		{12238B86-550A-41F3-86B4-BA95816D194E}.Debug|x86.ActiveCfg = Debug|Win32
		{12238B86-550A-41F3-86B4-BA95816D194E}.Debug|x86.Build.0 = Debug|Win32
		{12238B86-550A-41F3-86B4-BA95816D194E}.Release|x64.ActiveCfg = Release|x64
		{12238B86-550A-41F3-86B4-BA95816D194E}.Release|x64.Build.0 = Release|x64
		{12238B86-550A-41F3-86B4-BA95816D194E}.Release|x86.ActiveCfg = Release|Win32
		{12238B86-550A-41F3-86B4-BA95816D194E}.Release|x86.Build.0 = Release|Win32
		{78EABCC2-24B1-4681-B2DD-34272586AABE}.Debug|x64.ActiveCfg = Debug|x64
		{78EABCC2-24B1-4681-B2DD-34272586AABE}.Debug|x64.Build.0 = Debug|x64
		{78EABCC2-24B1-4681-B2DD-34272586AABE}.Debug|x86.ActiveCfg = Debug|Win32
		{78EABCC2-24B1-4681-B2DD-34272586AABE}.Debug|x86.Build.0 = Debug|Win32
		{78EABCC2-24B1-4681-B2DD-34272586AABE}.Release|x64.ActiveCfg = Release|x64
		{78EABCC2-24B1-4681-B2DD-34272586AABE}.Release|x64.Build.0 = Release|x64
		{78EABCC2-24B1-4681-B2DD-34272586AABE}.Release|x86.ActiveCfg = Release|Win32
		{78EABCC2-24B1-4681-B2DD-34272586AABE}.Release|x86.Build.0 = Release|Win32
		{564F18AE-50A9-46DA-B4AB-72844D5AF052}.Debug|x64.ActiveCfg = Debug|x64
		{564F18AE-50A9-46DA-B4AB-72844D5AF052}.Debug|x64.Build.0 = Debug|x64
		{564F18AE-50A9-46DA-B4AB-72844D5AF052}.Debug|x86.ActiveCfg = Debug|Win32
		{564F18AE-50A9-46DA-B4AB-72844D5AF052}.Debug|x86.Build.0 = Debug|Win32
		{564F18AE-50A9-46DA-B4AB-72844D5AF052}.Release|x64.ActiveCfg = Release|x64
		{564F18AE-50A9-46DA-B4AB-72844D5AF052}.Release|x64.Build.0 = Release|x64
		{564F18AE-50A9-46DA-B4AB-72844D5AF052}.Release|x86.ActiveCfg = Release|Win32
		{564F18AE-50A9-46DA-B4AB-72844D5AF052}.Release|x86.Build.0 = Release|Win32
		{1376BBBF-9D1E-4296-9080-50B0A3B63081}.Debug|x64.ActiveCfg = Debug|x64
		{1376BBBF-9D1E-4296-9080-50B0A3B63081}.Debug|x64.Build.0 = Debug|x64
		{1376BBBF-9D1E-4296-9080-50B0A3B63081}.Debug|x86.ActiveCfg = Debug|Win32
		{1376BBBF-9D1E-4296-9080-50B0A3B63081}.Debug|x86.Build.0 = Debug|Win32
		{1376BBBF-9D1E-4296-9080-50B0A3B63081}.Release|x64.ActiveCfg = Release|x64
		{1376BBBF-9D1E-4296-9080-50B0A3B63081}.Release|x64.Build.0 = Release|x64
		{1376BBBF-9D1E-4296-9080-50B0A3B63081}.Release|x86.ActiveCfg = Release|Win32
		{1376BBBF-9D1E-4296-9080-50B0A3B63081}.Release|x86.Build.0 = Release|Win32
		{0049165B-B0BB-4502-85B7-FB736BA3644A}.Debug|x64.ActiveCfg = Debug|x64
		{0049165B-B0BB-4502-85B7-FB736BA3644A}.Debug|x64.Build.0 = Debug|x64
		{0049165B-B0BB-4502-85B7-FB736BA3644A}.Debug|x86.ActiveCfg = Debug|Win32
		{0049165B-B0BB-4502-85B7-FB736BA3644A}.Debug|x86.Build.0 = Debug|Win32
		{0049165B-B0BB-4502-85B7-FB736BA3644A}.Release|x64.ActiveCfg = Release|x64
		{0049165B-B0BB-4502-85B7-FB736BA3644A}.Release|x64.Build.0 = Release|x64
		{0049165B-B0BB-4502-85B7-FB736BA3644A}.Release|x86.ActiveCfg = Release|Win32
		{0049165B-B0BB-4502-85B7-FB736BA3644A}.Release|x86.Build.0 = Release|Win32
		{9BCD155F-EA2D-4912-9E24-57E877D33708}.Debug|x64.ActiveCfg = Debug|x64
		{9BCD155F-EA2D-4912-9E24-57E877D33708}.Debug|x64.Build.0 = Debug|x64
		{9BCD155F-EA2D-4912-9E24-57E877D33708}.Debug|x86.ActiveCfg = Debug|Win32
		{9BCD155F-EA2D-4912-9E24-57E877D33708}.Debug|x86.Build.0 = Debug|Win32
		{9BCD155F-EA2D-4912-9E24-57E877D33708}.Release|x64.ActiveCfg = Release|x64
		{9BCD155F-EA2D-4912-9E24-57E877D33708}.Release|x64.Build.0 = Release|x64
		{9BCD155F-EA2D-4912-9E24-57E877D33708}.Release|x86.ActiveCfg = Release|Win32
		{9BCD155F-EA2D-4912-9E24-57E877D33708}.Release|x86.Build.0 = Release|Win32
		{D5D7C8EF-B578-4134-9F49-9A866ECFFD05}.Debug|x64.ActiveCfg = Debug|x64
		{D5D7C8EF-B578-4134-9F49-9A866ECFFD05}.Debug|x64.Build.0 = Debug|x64
		{D5D7C8EF-B578-4134-9F49-9A866ECFFD05}.Debug|x86.ActiveCfg = Debug|Win32
		{D5D7C8EF-B578-4134-9F49-9A866ECFFD05}.Debug|x86.Build.0 = Debug|Win32
		{D5D7C8EF-B578-4134-9F49-9A866ECFFD05}.Release|x64.ActiveCfg = Release|x64
		{D5D7C8EF-B578-4134-9F49-9A866ECFFD05}.Release|x64.Build.0 = Release|x64
		{D5D7C8EF-B578-4134-9F49-9A866ECFFD05}.Release|x86.ActiveCfg = Release|Win32
		{D5D7C8EF-B578-4134-9F49-9A866ECFFD05}.Release|x86.Build.0 = Release|Win32
	EndGlobalSection
	GlobalSection(SolutionProperties) = preSolution
		HideSolutionNode = FALSE
	EndGlobalSection
	GlobalSection(ExtensibilityGlobals) = postSolution
		SolutionGuid = {08A4392F-9211-4513-B54B-9B70E19164F7}
	EndGlobalSection
EndGlobal
